// !$*UTF8*$!
{
	archiveVersion = 1;
	classes = {
	};
	objectVersion = 51;
	objects = {

/* Begin PBXBuildFile section */
		1005C5C923DE9445000E7891 /* GoogleService-Info.plist in Resources */ = {isa = PBXBuildFile; fileRef = 1005C5C823DE9445000E7891 /* GoogleService-Info.plist */; };
		2F85EFF6833A3D6B88F13099 /* Pods_HAK_V1_HAK_V1UITests.framework in Frameworks */ = {isa = PBXBuildFile; fileRef = 8DB5A9926FE875F897F83177 /* Pods_HAK_V1_HAK_V1UITests.framework */; };
		87FA10D576639278B3111FBC /* Pods_HAK_V1.framework in Frameworks */ = {isa = PBXBuildFile; fileRef = 6F41D8C5FF59F5832766B0BD /* Pods_HAK_V1.framework */; };
		B8A53FB9319C1CD0963E8613 /* Pods_HAK_V1Tests.framework in Frameworks */ = {isa = PBXBuildFile; fileRef = 809CC4ADB418F69F3C0EA3BF /* Pods_HAK_V1Tests.framework */; };
		F8BDB9FD23E017F900D5714D /* Constants.swift in Sources */ = {isa = PBXBuildFile; fileRef = F8BDB9FC23E017F900D5714D /* Constants.swift */; };
		F8BDB9FF23E01C0000D5714D /* Styles.swift in Sources */ = {isa = PBXBuildFile; fileRef = F8BDB9FE23E01C0000D5714D /* Styles.swift */; };
		F8E2EA6923DD82D50025DBF4 /* AppDelegate.swift in Sources */ = {isa = PBXBuildFile; fileRef = F8E2EA6823DD82D50025DBF4 /* AppDelegate.swift */; };
		F8E2EA6B23DD82D50025DBF4 /* SceneDelegate.swift in Sources */ = {isa = PBXBuildFile; fileRef = F8E2EA6A23DD82D50025DBF4 /* SceneDelegate.swift */; };
		F8E2EA6D23DD82D50025DBF4 /* ViewController.swift in Sources */ = {isa = PBXBuildFile; fileRef = F8E2EA6C23DD82D50025DBF4 /* ViewController.swift */; };
		F8E2EA7023DD82D50025DBF4 /* Main.storyboard in Resources */ = {isa = PBXBuildFile; fileRef = F8E2EA6E23DD82D50025DBF4 /* Main.storyboard */; };
		F8E2EA7223DD82D60025DBF4 /* Assets.xcassets in Resources */ = {isa = PBXBuildFile; fileRef = F8E2EA7123DD82D60025DBF4 /* Assets.xcassets */; };
		F8E2EA7523DD82D60025DBF4 /* LaunchScreen.storyboard in Resources */ = {isa = PBXBuildFile; fileRef = F8E2EA7323DD82D60025DBF4 /* LaunchScreen.storyboard */; };
		F8E2EA8023DD82D60025DBF4 /* HAK_V1Tests.swift in Sources */ = {isa = PBXBuildFile; fileRef = F8E2EA7F23DD82D60025DBF4 /* HAK_V1Tests.swift */; };
		F8E2EA8B23DD82D60025DBF4 /* HAK_V1UITests.swift in Sources */ = {isa = PBXBuildFile; fileRef = F8E2EA8A23DD82D60025DBF4 /* HAK_V1UITests.swift */; };
		F8E2EA9923DD92CE0025DBF4 /* homeViewController.swift in Sources */ = {isa = PBXBuildFile; fileRef = F8E2EA9823DD92CE0025DBF4 /* homeViewController.swift */; };
		F8E2EA9B23DD92F20025DBF4 /* signInViewController.swift in Sources */ = {isa = PBXBuildFile; fileRef = F8E2EA9A23DD92F20025DBF4 /* signInViewController.swift */; };
		F8E2EA9D23DD93120025DBF4 /* signUpViewController.swift in Sources */ = {isa = PBXBuildFile; fileRef = F8E2EA9C23DD93120025DBF4 /* signUpViewController.swift */; };
		F8E2EAA023DDB1490025DBF4 /* config_file_icon_72dp@2x.png in Resources */ = {isa = PBXBuildFile; fileRef = F8E2EA9F23DDB1490025DBF4 /* config_file_icon_72dp@2x.png */; };
/* End PBXBuildFile section */

/* Begin PBXContainerItemProxy section */
		F8E2EA7C23DD82D60025DBF4 /* PBXContainerItemProxy */ = {
			isa = PBXContainerItemProxy;
			containerPortal = F8E2EA5D23DD82D50025DBF4 /* Project object */;
			proxyType = 1;
			remoteGlobalIDString = F8E2EA6423DD82D50025DBF4;
			remoteInfo = HAK_V1;
		};
		F8E2EA8723DD82D60025DBF4 /* PBXContainerItemProxy */ = {
			isa = PBXContainerItemProxy;
			containerPortal = F8E2EA5D23DD82D50025DBF4 /* Project object */;
			proxyType = 1;
			remoteGlobalIDString = F8E2EA6423DD82D50025DBF4;
			remoteInfo = HAK_V1;
		};
/* End PBXContainerItemProxy section */

/* Begin PBXFileReference section */
		1005C5C823DE9445000E7891 /* GoogleService-Info.plist */ = {isa = PBXFileReference; fileEncoding = 4; lastKnownFileType = text.plist.xml; path = "GoogleService-Info.plist"; sourceTree = "<group>"; };
		6CBB82BDD8FB8F41F56CE148 /* Pods-HAK_V1-HAK_V1UITests.debug.xcconfig */ = {isa = PBXFileReference; includeInIndex = 1; lastKnownFileType = text.xcconfig; name = "Pods-HAK_V1-HAK_V1UITests.debug.xcconfig"; path = "Target Support Files/Pods-HAK_V1-HAK_V1UITests/Pods-HAK_V1-HAK_V1UITests.debug.xcconfig"; sourceTree = "<group>"; };
		6F41D8C5FF59F5832766B0BD /* Pods_HAK_V1.framework */ = {isa = PBXFileReference; explicitFileType = wrapper.framework; includeInIndex = 0; path = Pods_HAK_V1.framework; sourceTree = BUILT_PRODUCTS_DIR; };
		77F97ADE50996A77AD4D8AC4 /* Pods-HAK_V1.debug.xcconfig */ = {isa = PBXFileReference; includeInIndex = 1; lastKnownFileType = text.xcconfig; name = "Pods-HAK_V1.debug.xcconfig"; path = "Target Support Files/Pods-HAK_V1/Pods-HAK_V1.debug.xcconfig"; sourceTree = "<group>"; };
		809CC4ADB418F69F3C0EA3BF /* Pods_HAK_V1Tests.framework */ = {isa = PBXFileReference; explicitFileType = wrapper.framework; includeInIndex = 0; path = Pods_HAK_V1Tests.framework; sourceTree = BUILT_PRODUCTS_DIR; };
		8DB5A9926FE875F897F83177 /* Pods_HAK_V1_HAK_V1UITests.framework */ = {isa = PBXFileReference; explicitFileType = wrapper.framework; includeInIndex = 0; path = Pods_HAK_V1_HAK_V1UITests.framework; sourceTree = BUILT_PRODUCTS_DIR; };
		955DC205C50643B52A10296F /* Pods-HAK_V1Tests.release.xcconfig */ = {isa = PBXFileReference; includeInIndex = 1; lastKnownFileType = text.xcconfig; name = "Pods-HAK_V1Tests.release.xcconfig"; path = "Target Support Files/Pods-HAK_V1Tests/Pods-HAK_V1Tests.release.xcconfig"; sourceTree = "<group>"; };
		B4DC0C9A5689E8A9A0FC6E34 /* Pods-HAK_V1.release.xcconfig */ = {isa = PBXFileReference; includeInIndex = 1; lastKnownFileType = text.xcconfig; name = "Pods-HAK_V1.release.xcconfig"; path = "Target Support Files/Pods-HAK_V1/Pods-HAK_V1.release.xcconfig"; sourceTree = "<group>"; };
		B6B5DB408D11D489ADC75542 /* Pods-HAK_V1Tests.debug.xcconfig */ = {isa = PBXFileReference; includeInIndex = 1; lastKnownFileType = text.xcconfig; name = "Pods-HAK_V1Tests.debug.xcconfig"; path = "Target Support Files/Pods-HAK_V1Tests/Pods-HAK_V1Tests.debug.xcconfig"; sourceTree = "<group>"; };
		C7F04EB26167AFB89271740F /* Pods-HAK_V1-HAK_V1UITests.release.xcconfig */ = {isa = PBXFileReference; includeInIndex = 1; lastKnownFileType = text.xcconfig; name = "Pods-HAK_V1-HAK_V1UITests.release.xcconfig"; path = "Target Support Files/Pods-HAK_V1-HAK_V1UITests/Pods-HAK_V1-HAK_V1UITests.release.xcconfig"; sourceTree = "<group>"; };
		F8BDB9FC23E017F900D5714D /* Constants.swift */ = {isa = PBXFileReference; lastKnownFileType = sourcecode.swift; path = Constants.swift; sourceTree = "<group>"; };
		F8BDB9FE23E01C0000D5714D /* Styles.swift */ = {isa = PBXFileReference; lastKnownFileType = sourcecode.swift; path = Styles.swift; sourceTree = "<group>"; };
		F8E2EA6523DD82D50025DBF4 /* HAK_V1.app */ = {isa = PBXFileReference; explicitFileType = wrapper.application; includeInIndex = 0; path = HAK_V1.app; sourceTree = BUILT_PRODUCTS_DIR; };
		F8E2EA6823DD82D50025DBF4 /* AppDelegate.swift */ = {isa = PBXFileReference; lastKnownFileType = sourcecode.swift; path = AppDelegate.swift; sourceTree = "<group>"; };
		F8E2EA6A23DD82D50025DBF4 /* SceneDelegate.swift */ = {isa = PBXFileReference; lastKnownFileType = sourcecode.swift; path = SceneDelegate.swift; sourceTree = "<group>"; };
		F8E2EA6C23DD82D50025DBF4 /* ViewController.swift */ = {isa = PBXFileReference; lastKnownFileType = sourcecode.swift; path = ViewController.swift; sourceTree = "<group>"; };
		F8E2EA6F23DD82D50025DBF4 /* Base */ = {isa = PBXFileReference; lastKnownFileType = file.storyboard; name = Base; path = Base.lproj/Main.storyboard; sourceTree = "<group>"; };
		F8E2EA7123DD82D60025DBF4 /* Assets.xcassets */ = {isa = PBXFileReference; lastKnownFileType = folder.assetcatalog; path = Assets.xcassets; sourceTree = "<group>"; };
		F8E2EA7423DD82D60025DBF4 /* Base */ = {isa = PBXFileReference; lastKnownFileType = file.storyboard; name = Base; path = Base.lproj/LaunchScreen.storyboard; sourceTree = "<group>"; };
		F8E2EA7623DD82D60025DBF4 /* Info.plist */ = {isa = PBXFileReference; lastKnownFileType = text.plist.xml; path = Info.plist; sourceTree = "<group>"; };
		F8E2EA7B23DD82D60025DBF4 /* HAK_V1Tests.xctest */ = {isa = PBXFileReference; explicitFileType = wrapper.cfbundle; includeInIndex = 0; path = HAK_V1Tests.xctest; sourceTree = BUILT_PRODUCTS_DIR; };
		F8E2EA7F23DD82D60025DBF4 /* HAK_V1Tests.swift */ = {isa = PBXFileReference; lastKnownFileType = sourcecode.swift; path = HAK_V1Tests.swift; sourceTree = "<group>"; };
		F8E2EA8123DD82D60025DBF4 /* Info.plist */ = {isa = PBXFileReference; lastKnownFileType = text.plist.xml; path = Info.plist; sourceTree = "<group>"; };
		F8E2EA8623DD82D60025DBF4 /* HAK_V1UITests.xctest */ = {isa = PBXFileReference; explicitFileType = wrapper.cfbundle; includeInIndex = 0; path = HAK_V1UITests.xctest; sourceTree = BUILT_PRODUCTS_DIR; };
		F8E2EA8A23DD82D60025DBF4 /* HAK_V1UITests.swift */ = {isa = PBXFileReference; lastKnownFileType = sourcecode.swift; path = HAK_V1UITests.swift; sourceTree = "<group>"; };
		F8E2EA8C23DD82D60025DBF4 /* Info.plist */ = {isa = PBXFileReference; lastKnownFileType = text.plist.xml; path = Info.plist; sourceTree = "<group>"; };
		F8E2EA9823DD92CE0025DBF4 /* homeViewController.swift */ = {isa = PBXFileReference; lastKnownFileType = sourcecode.swift; path = homeViewController.swift; sourceTree = "<group>"; };
		F8E2EA9A23DD92F20025DBF4 /* signInViewController.swift */ = {isa = PBXFileReference; lastKnownFileType = sourcecode.swift; path = signInViewController.swift; sourceTree = "<group>"; };
		F8E2EA9C23DD93120025DBF4 /* signUpViewController.swift */ = {isa = PBXFileReference; lastKnownFileType = sourcecode.swift; path = signUpViewController.swift; sourceTree = "<group>"; };
		F8E2EA9F23DDB1490025DBF4 /* config_file_icon_72dp@2x.png */ = {isa = PBXFileReference; lastKnownFileType = image.png; path = "config_file_icon_72dp@2x.png"; sourceTree = "<group>"; };
/* End PBXFileReference section */

/* Begin PBXFrameworksBuildPhase section */
		F8E2EA6223DD82D50025DBF4 /* Frameworks */ = {
			isa = PBXFrameworksBuildPhase;
			buildActionMask = 2147483647;
			files = (
				87FA10D576639278B3111FBC /* Pods_HAK_V1.framework in Frameworks */,
			);
			runOnlyForDeploymentPostprocessing = 0;
		};
		F8E2EA7823DD82D60025DBF4 /* Frameworks */ = {
			isa = PBXFrameworksBuildPhase;
			buildActionMask = 2147483647;
			files = (
				B8A53FB9319C1CD0963E8613 /* Pods_HAK_V1Tests.framework in Frameworks */,
			);
			runOnlyForDeploymentPostprocessing = 0;
		};
		F8E2EA8323DD82D60025DBF4 /* Frameworks */ = {
			isa = PBXFrameworksBuildPhase;
			buildActionMask = 2147483647;
			files = (
				2F85EFF6833A3D6B88F13099 /* Pods_HAK_V1_HAK_V1UITests.framework in Frameworks */,
			);
			runOnlyForDeploymentPostprocessing = 0;
		};
/* End PBXFrameworksBuildPhase section */

/* Begin PBXGroup section */
		27BBC46A038FB032032814C6 /* Pods */ = {
			isa = PBXGroup;
			children = (
				77F97ADE50996A77AD4D8AC4 /* Pods-HAK_V1.debug.xcconfig */,
				B4DC0C9A5689E8A9A0FC6E34 /* Pods-HAK_V1.release.xcconfig */,
				6CBB82BDD8FB8F41F56CE148 /* Pods-HAK_V1-HAK_V1UITests.debug.xcconfig */,
				C7F04EB26167AFB89271740F /* Pods-HAK_V1-HAK_V1UITests.release.xcconfig */,
				B6B5DB408D11D489ADC75542 /* Pods-HAK_V1Tests.debug.xcconfig */,
				955DC205C50643B52A10296F /* Pods-HAK_V1Tests.release.xcconfig */,
			);
			path = Pods;
			sourceTree = "<group>";
		};
		A59736D2549C897ED6A7228A /* Frameworks */ = {
			isa = PBXGroup;
			children = (
				6F41D8C5FF59F5832766B0BD /* Pods_HAK_V1.framework */,
				8DB5A9926FE875F897F83177 /* Pods_HAK_V1_HAK_V1UITests.framework */,
				809CC4ADB418F69F3C0EA3BF /* Pods_HAK_V1Tests.framework */,
			);
			name = Frameworks;
			sourceTree = "<group>";
		};
		F8BDBA0023E01DA300D5714D /* Helpers */ = {
			isa = PBXGroup;
			children = (
				F8BDB9FE23E01C0000D5714D /* Styles.swift */,
				F8BDB9FC23E017F900D5714D /* Constants.swift */,
			);
			path = Helpers;
			sourceTree = "<group>";
		};
		F8E2EA5C23DD82D40025DBF4 = {
			isa = PBXGroup;
			children = (
				F8E2EA6723DD82D50025DBF4 /* HAK_V1 */,
				F8E2EA7E23DD82D60025DBF4 /* HAK_V1Tests */,
				F8E2EA8923DD82D60025DBF4 /* HAK_V1UITests */,
				F8E2EA6623DD82D50025DBF4 /* Products */,
				F8E2EA9F23DDB1490025DBF4 /* config_file_icon_72dp@2x.png */,
				27BBC46A038FB032032814C6 /* Pods */,
				A59736D2549C897ED6A7228A /* Frameworks */,
			);
			sourceTree = "<group>";
		};
		F8E2EA6623DD82D50025DBF4 /* Products */ = {
			isa = PBXGroup;
			children = (
				F8E2EA6523DD82D50025DBF4 /* HAK_V1.app */,
				F8E2EA7B23DD82D60025DBF4 /* HAK_V1Tests.xctest */,
				F8E2EA8623DD82D60025DBF4 /* HAK_V1UITests.xctest */,
			);
			name = Products;
			sourceTree = "<group>";
		};
		F8E2EA6723DD82D50025DBF4 /* HAK_V1 */ = {
			isa = PBXGroup;
			children = (
				F8BDBA0023E01DA300D5714D /* Helpers */,
				1005C5C823DE9445000E7891 /* GoogleService-Info.plist */,
				F8E2EA9E23DD931F0025DBF4 /* ViewControllers */,
				F8E2EA6823DD82D50025DBF4 /* AppDelegate.swift */,
				F8E2EA6A23DD82D50025DBF4 /* SceneDelegate.swift */,
				F8E2EA6E23DD82D50025DBF4 /* Main.storyboard */,
				F8E2EA7123DD82D60025DBF4 /* Assets.xcassets */,
				F8E2EA7323DD82D60025DBF4 /* LaunchScreen.storyboard */,
				F8E2EA7623DD82D60025DBF4 /* Info.plist */,
			);
			path = HAK_V1;
			sourceTree = "<group>";
		};
		F8E2EA7E23DD82D60025DBF4 /* HAK_V1Tests */ = {
			isa = PBXGroup;
			children = (
				F8E2EA7F23DD82D60025DBF4 /* HAK_V1Tests.swift */,
				F8E2EA8123DD82D60025DBF4 /* Info.plist */,
			);
			path = HAK_V1Tests;
			sourceTree = "<group>";
		};
		F8E2EA8923DD82D60025DBF4 /* HAK_V1UITests */ = {
			isa = PBXGroup;
			children = (
				F8E2EA8A23DD82D60025DBF4 /* HAK_V1UITests.swift */,
				F8E2EA8C23DD82D60025DBF4 /* Info.plist */,
			);
			path = HAK_V1UITests;
			sourceTree = "<group>";
		};
		F8E2EA9E23DD931F0025DBF4 /* ViewControllers */ = {
			isa = PBXGroup;
			children = (
				F8E2EA6C23DD82D50025DBF4 /* ViewController.swift */,
				F8E2EA9823DD92CE0025DBF4 /* homeViewController.swift */,
				F8E2EA9A23DD92F20025DBF4 /* signInViewController.swift */,
				F8E2EA9C23DD93120025DBF4 /* signUpViewController.swift */,
			);
			path = ViewControllers;
			sourceTree = "<group>";
		};
/* End PBXGroup section */

/* Begin PBXNativeTarget section */
		F8E2EA6423DD82D50025DBF4 /* HAK_V1 */ = {
			isa = PBXNativeTarget;
			buildConfigurationList = F8E2EA8F23DD82D60025DBF4 /* Build configuration list for PBXNativeTarget "HAK_V1" */;
			buildPhases = (
				AFE756E31E926E0D571350AC /* [CP] Check Pods Manifest.lock */,
				F8E2EA6123DD82D50025DBF4 /* Sources */,
				F8E2EA6223DD82D50025DBF4 /* Frameworks */,
				F8E2EA6323DD82D50025DBF4 /* Resources */,
				3DCD3C877019625E22AFB408 /* [CP] Embed Pods Frameworks */,
			);
			buildRules = (
			);
			dependencies = (
			);
			name = HAK_V1;
			productName = HAK_V1;
			productReference = F8E2EA6523DD82D50025DBF4 /* HAK_V1.app */;
			productType = "com.apple.product-type.application";
		};
		F8E2EA7A23DD82D60025DBF4 /* HAK_V1Tests */ = {
			isa = PBXNativeTarget;
			buildConfigurationList = F8E2EA9223DD82D60025DBF4 /* Build configuration list for PBXNativeTarget "HAK_V1Tests" */;
			buildPhases = (
				D9FB4B73A35D393192B8C356 /* [CP] Check Pods Manifest.lock */,
				F8E2EA7723DD82D60025DBF4 /* Sources */,
				F8E2EA7823DD82D60025DBF4 /* Frameworks */,
				F8E2EA7923DD82D60025DBF4 /* Resources */,
			);
			buildRules = (
			);
			dependencies = (
				F8E2EA7D23DD82D60025DBF4 /* PBXTargetDependency */,
			);
			name = HAK_V1Tests;
			productName = HAK_V1Tests;
			productReference = F8E2EA7B23DD82D60025DBF4 /* HAK_V1Tests.xctest */;
			productType = "com.apple.product-type.bundle.unit-test";
		};
		F8E2EA8523DD82D60025DBF4 /* HAK_V1UITests */ = {
			isa = PBXNativeTarget;
			buildConfigurationList = F8E2EA9523DD82D60025DBF4 /* Build configuration list for PBXNativeTarget "HAK_V1UITests" */;
			buildPhases = (
				37FD7F55DCBB99E4B767BCC8 /* [CP] Check Pods Manifest.lock */,
				F8E2EA8223DD82D60025DBF4 /* Sources */,
				F8E2EA8323DD82D60025DBF4 /* Frameworks */,
				F8E2EA8423DD82D60025DBF4 /* Resources */,
				83E6C5214DFE9A72F93FE477 /* [CP] Embed Pods Frameworks */,
			);
			buildRules = (
			);
			dependencies = (
				F8E2EA8823DD82D60025DBF4 /* PBXTargetDependency */,
			);
			name = HAK_V1UITests;
			productName = HAK_V1UITests;
			productReference = F8E2EA8623DD82D60025DBF4 /* HAK_V1UITests.xctest */;
			productType = "com.apple.product-type.bundle.ui-testing";
		};
/* End PBXNativeTarget section */

/* Begin PBXProject section */
		F8E2EA5D23DD82D50025DBF4 /* Project object */ = {
			isa = PBXProject;
			attributes = {
				LastSwiftUpdateCheck = 1130;
				LastUpgradeCheck = 1130;
				ORGANIZATIONNAME = "Reem Almalki";
				TargetAttributes = {
					F8E2EA6423DD82D50025DBF4 = {
						CreatedOnToolsVersion = 11.3.1;
					};
					F8E2EA7A23DD82D60025DBF4 = {
						CreatedOnToolsVersion = 11.3.1;
						TestTargetID = F8E2EA6423DD82D50025DBF4;
					};
					F8E2EA8523DD82D60025DBF4 = {
						CreatedOnToolsVersion = 11.3.1;
						TestTargetID = F8E2EA6423DD82D50025DBF4;
					};
				};
			};
			buildConfigurationList = F8E2EA6023DD82D50025DBF4 /* Build configuration list for PBXProject "HAK_V1" */;
			compatibilityVersion = "Xcode 9.3";
			developmentRegion = en;
			hasScannedForEncodings = 0;
			knownRegions = (
				en,
				Base,
			);
			mainGroup = F8E2EA5C23DD82D40025DBF4;
			productRefGroup = F8E2EA6623DD82D50025DBF4 /* Products */;
			projectDirPath = "";
			projectRoot = "";
			targets = (
				F8E2EA6423DD82D50025DBF4 /* HAK_V1 */,
				F8E2EA7A23DD82D60025DBF4 /* HAK_V1Tests */,
				F8E2EA8523DD82D60025DBF4 /* HAK_V1UITests */,
			);
		};
/* End PBXProject section */

/* Begin PBXResourcesBuildPhase section */
		F8E2EA6323DD82D50025DBF4 /* Resources */ = {
			isa = PBXResourcesBuildPhase;
			buildActionMask = 2147483647;
			files = (
				F8E2EA7523DD82D60025DBF4 /* LaunchScreen.storyboard in Resources */,
				F8E2EA7223DD82D60025DBF4 /* Assets.xcassets in Resources */,
				1005C5C923DE9445000E7891 /* GoogleService-Info.plist in Resources */,
				F8E2EAA023DDB1490025DBF4 /* config_file_icon_72dp@2x.png in Resources */,
				F8E2EA7023DD82D50025DBF4 /* Main.storyboard in Resources */,
			);
			runOnlyForDeploymentPostprocessing = 0;
		};
		F8E2EA7923DD82D60025DBF4 /* Resources */ = {
			isa = PBXResourcesBuildPhase;
			buildActionMask = 2147483647;
			files = (
			);
			runOnlyForDeploymentPostprocessing = 0;
		};
		F8E2EA8423DD82D60025DBF4 /* Resources */ = {
			isa = PBXResourcesBuildPhase;
			buildActionMask = 2147483647;
			files = (
			);
			runOnlyForDeploymentPostprocessing = 0;
		};
/* End PBXResourcesBuildPhase section */

/* Begin PBXShellScriptBuildPhase section */
		37FD7F55DCBB99E4B767BCC8 /* [CP] Check Pods Manifest.lock */ = {
			isa = PBXShellScriptBuildPhase;
			buildActionMask = 2147483647;
			files = (
			);
			inputFileListPaths = (
			);
			inputPaths = (
				"${PODS_PODFILE_DIR_PATH}/Podfile.lock",
				"${PODS_ROOT}/Manifest.lock",
			);
			name = "[CP] Check Pods Manifest.lock";
			outputFileListPaths = (
			);
			outputPaths = (
				"$(DERIVED_FILE_DIR)/Pods-HAK_V1-HAK_V1UITests-checkManifestLockResult.txt",
			);
			runOnlyForDeploymentPostprocessing = 0;
			shellPath = /bin/sh;
			shellScript = "diff \"${PODS_PODFILE_DIR_PATH}/Podfile.lock\" \"${PODS_ROOT}/Manifest.lock\" > /dev/null\nif [ $? != 0 ] ; then\n    # print error to STDERR\n    echo \"error: The sandbox is not in sync with the Podfile.lock. Run 'pod install' or update your CocoaPods installation.\" >&2\n    exit 1\nfi\n# This output is used by Xcode 'outputs' to avoid re-running this script phase.\necho \"SUCCESS\" > \"${SCRIPT_OUTPUT_FILE_0}\"\n";
			showEnvVarsInLog = 0;
		};
		3DCD3C877019625E22AFB408 /* [CP] Embed Pods Frameworks */ = {
			isa = PBXShellScriptBuildPhase;
			buildActionMask = 2147483647;
			files = (
			);
			inputFileListPaths = (
				"${PODS_ROOT}/Target Support Files/Pods-HAK_V1/Pods-HAK_V1-frameworks-${CONFIGURATION}-input-files.xcfilelist",
			);
			name = "[CP] Embed Pods Frameworks";
			outputFileListPaths = (
				"${PODS_ROOT}/Target Support Files/Pods-HAK_V1/Pods-HAK_V1-frameworks-${CONFIGURATION}-output-files.xcfilelist",
			);
			runOnlyForDeploymentPostprocessing = 0;
			shellPath = /bin/sh;
			shellScript = "\"${PODS_ROOT}/Target Support Files/Pods-HAK_V1/Pods-HAK_V1-frameworks.sh\"\n";
			showEnvVarsInLog = 0;
		};
		83E6C5214DFE9A72F93FE477 /* [CP] Embed Pods Frameworks */ = {
			isa = PBXShellScriptBuildPhase;
			buildActionMask = 2147483647;
			files = (
			);
			inputFileListPaths = (
				"${PODS_ROOT}/Target Support Files/Pods-HAK_V1-HAK_V1UITests/Pods-HAK_V1-HAK_V1UITests-frameworks-${CONFIGURATION}-input-files.xcfilelist",
			);
			name = "[CP] Embed Pods Frameworks";
			outputFileListPaths = (
				"${PODS_ROOT}/Target Support Files/Pods-HAK_V1-HAK_V1UITests/Pods-HAK_V1-HAK_V1UITests-frameworks-${CONFIGURATION}-output-files.xcfilelist",
			);
			runOnlyForDeploymentPostprocessing = 0;
			shellPath = /bin/sh;
			shellScript = "\"${PODS_ROOT}/Target Support Files/Pods-HAK_V1-HAK_V1UITests/Pods-HAK_V1-HAK_V1UITests-frameworks.sh\"\n";
			showEnvVarsInLog = 0;
		};
		AFE756E31E926E0D571350AC /* [CP] Check Pods Manifest.lock */ = {
			isa = PBXShellScriptBuildPhase;
			buildActionMask = 2147483647;
			files = (
			);
			inputFileListPaths = (
			);
			inputPaths = (
				"${PODS_PODFILE_DIR_PATH}/Podfile.lock",
				"${PODS_ROOT}/Manifest.lock",
			);
			name = "[CP] Check Pods Manifest.lock";
			outputFileListPaths = (
			);
			outputPaths = (
				"$(DERIVED_FILE_DIR)/Pods-HAK_V1-checkManifestLockResult.txt",
			);
			runOnlyForDeploymentPostprocessing = 0;
			shellPath = /bin/sh;
			shellScript = "diff \"${PODS_PODFILE_DIR_PATH}/Podfile.lock\" \"${PODS_ROOT}/Manifest.lock\" > /dev/null\nif [ $? != 0 ] ; then\n    # print error to STDERR\n    echo \"error: The sandbox is not in sync with the Podfile.lock. Run 'pod install' or update your CocoaPods installation.\" >&2\n    exit 1\nfi\n# This output is used by Xcode 'outputs' to avoid re-running this script phase.\necho \"SUCCESS\" > \"${SCRIPT_OUTPUT_FILE_0}\"\n";
			showEnvVarsInLog = 0;
		};
		D9FB4B73A35D393192B8C356 /* [CP] Check Pods Manifest.lock */ = {
			isa = PBXShellScriptBuildPhase;
			buildActionMask = 2147483647;
			files = (
			);
			inputFileListPaths = (
			);
			inputPaths = (
				"${PODS_PODFILE_DIR_PATH}/Podfile.lock",
				"${PODS_ROOT}/Manifest.lock",
			);
			name = "[CP] Check Pods Manifest.lock";
			outputFileListPaths = (
			);
			outputPaths = (
				"$(DERIVED_FILE_DIR)/Pods-HAK_V1Tests-checkManifestLockResult.txt",
			);
			runOnlyForDeploymentPostprocessing = 0;
			shellPath = /bin/sh;
			shellScript = "diff \"${PODS_PODFILE_DIR_PATH}/Podfile.lock\" \"${PODS_ROOT}/Manifest.lock\" > /dev/null\nif [ $? != 0 ] ; then\n    # print error to STDERR\n    echo \"error: The sandbox is not in sync with the Podfile.lock. Run 'pod install' or update your CocoaPods installation.\" >&2\n    exit 1\nfi\n# This output is used by Xcode 'outputs' to avoid re-running this script phase.\necho \"SUCCESS\" > \"${SCRIPT_OUTPUT_FILE_0}\"\n";
			showEnvVarsInLog = 0;
		};
/* End PBXShellScriptBuildPhase section */

/* Begin PBXSourcesBuildPhase section */
		F8E2EA6123DD82D50025DBF4 /* Sources */ = {
			isa = PBXSourcesBuildPhase;
			buildActionMask = 2147483647;
			files = (
				F8E2EA6D23DD82D50025DBF4 /* ViewController.swift in Sources */,
				F8E2EA6923DD82D50025DBF4 /* AppDelegate.swift in Sources */,
				F8E2EA9D23DD93120025DBF4 /* signUpViewController.swift in Sources */,
				F8BDB9FF23E01C0000D5714D /* Styles.swift in Sources */,
				F8E2EA6B23DD82D50025DBF4 /* SceneDelegate.swift in Sources */,
				F8BDB9FD23E017F900D5714D /* Constants.swift in Sources */,
				F8E2EA9923DD92CE0025DBF4 /* homeViewController.swift in Sources */,
				F8E2EA9B23DD92F20025DBF4 /* signInViewController.swift in Sources */,
			);
			runOnlyForDeploymentPostprocessing = 0;
		};
		F8E2EA7723DD82D60025DBF4 /* Sources */ = {
			isa = PBXSourcesBuildPhase;
			buildActionMask = 2147483647;
			files = (
				F8E2EA8023DD82D60025DBF4 /* HAK_V1Tests.swift in Sources */,
			);
			runOnlyForDeploymentPostprocessing = 0;
		};
		F8E2EA8223DD82D60025DBF4 /* Sources */ = {
			isa = PBXSourcesBuildPhase;
			buildActionMask = 2147483647;
			files = (
				F8E2EA8B23DD82D60025DBF4 /* HAK_V1UITests.swift in Sources */,
			);
			runOnlyForDeploymentPostprocessing = 0;
		};
/* End PBXSourcesBuildPhase section */

/* Begin PBXTargetDependency section */
		F8E2EA7D23DD82D60025DBF4 /* PBXTargetDependency */ = {
			isa = PBXTargetDependency;
			target = F8E2EA6423DD82D50025DBF4 /* HAK_V1 */;
			targetProxy = F8E2EA7C23DD82D60025DBF4 /* PBXContainerItemProxy */;
		};
		F8E2EA8823DD82D60025DBF4 /* PBXTargetDependency */ = {
			isa = PBXTargetDependency;
			target = F8E2EA6423DD82D50025DBF4 /* HAK_V1 */;
			targetProxy = F8E2EA8723DD82D60025DBF4 /* PBXContainerItemProxy */;
		};
/* End PBXTargetDependency section */

/* Begin PBXVariantGroup section */
		F8E2EA6E23DD82D50025DBF4 /* Main.storyboard */ = {
			isa = PBXVariantGroup;
			children = (
				F8E2EA6F23DD82D50025DBF4 /* Base */,
			);
			name = Main.storyboard;
			sourceTree = "<group>";
		};
		F8E2EA7323DD82D60025DBF4 /* LaunchScreen.storyboard */ = {
			isa = PBXVariantGroup;
			children = (
				F8E2EA7423DD82D60025DBF4 /* Base */,
			);
			name = LaunchScreen.storyboard;
			sourceTree = "<group>";
		};
/* End PBXVariantGroup section */

/* Begin XCBuildConfiguration section */
		F8E2EA8D23DD82D60025DBF4 /* Debug */ = {
			isa = XCBuildConfiguration;
			buildSettings = {
				ALWAYS_SEARCH_USER_PATHS = NO;
				CLANG_ANALYZER_NONNULL = YES;
				CLANG_ANALYZER_NUMBER_OBJECT_CONVERSION = YES_AGGRESSIVE;
				CLANG_CXX_LANGUAGE_STANDARD = "gnu++14";
				CLANG_CXX_LIBRARY = "libc++";
				CLANG_ENABLE_MODULES = YES;
				CLANG_ENABLE_OBJC_ARC = YES;
				CLANG_ENABLE_OBJC_WEAK = YES;
				CLANG_WARN_BLOCK_CAPTURE_AUTORELEASING = YES;
				CLANG_WARN_BOOL_CONVERSION = YES;
				CLANG_WARN_COMMA = YES;
				CLANG_WARN_CONSTANT_CONVERSION = YES;
				CLANG_WARN_DEPRECATED_OBJC_IMPLEMENTATIONS = YES;
				CLANG_WARN_DIRECT_OBJC_ISA_USAGE = YES_ERROR;
				CLANG_WARN_DOCUMENTATION_COMMENTS = YES;
				CLANG_WARN_EMPTY_BODY = YES;
				CLANG_WARN_ENUM_CONVERSION = YES;
				CLANG_WARN_INFINITE_RECURSION = YES;
				CLANG_WARN_INT_CONVERSION = YES;
				CLANG_WARN_NON_LITERAL_NULL_CONVERSION = YES;
				CLANG_WARN_OBJC_IMPLICIT_RETAIN_SELF = YES;
				CLANG_WARN_OBJC_LITERAL_CONVERSION = YES;
				CLANG_WARN_OBJC_ROOT_CLASS = YES_ERROR;
				CLANG_WARN_RANGE_LOOP_ANALYSIS = YES;
				CLANG_WARN_STRICT_PROTOTYPES = YES;
				CLANG_WARN_SUSPICIOUS_MOVE = YES;
				CLANG_WARN_UNGUARDED_AVAILABILITY = YES_AGGRESSIVE;
				CLANG_WARN_UNREACHABLE_CODE = YES;
				CLANG_WARN__DUPLICATE_METHOD_MATCH = YES;
				COPY_PHASE_STRIP = NO;
				DEBUG_INFORMATION_FORMAT = dwarf;
				ENABLE_STRICT_OBJC_MSGSEND = YES;
				ENABLE_TESTABILITY = YES;
				GCC_C_LANGUAGE_STANDARD = gnu11;
				GCC_DYNAMIC_NO_PIC = NO;
				GCC_NO_COMMON_BLOCKS = YES;
				GCC_OPTIMIZATION_LEVEL = 0;
				GCC_PREPROCESSOR_DEFINITIONS = (
					"DEBUG=1",
					"$(inherited)",
				);
				GCC_WARN_64_TO_32_BIT_CONVERSION = YES;
				GCC_WARN_ABOUT_RETURN_TYPE = YES_ERROR;
				GCC_WARN_UNDECLARED_SELECTOR = YES;
				GCC_WARN_UNINITIALIZED_AUTOS = YES_AGGRESSIVE;
				GCC_WARN_UNUSED_FUNCTION = YES;
				GCC_WARN_UNUSED_VARIABLE = YES;
				IPHONEOS_DEPLOYMENT_TARGET = 13.2;
				MTL_ENABLE_DEBUG_INFO = INCLUDE_SOURCE;
				MTL_FAST_MATH = YES;
				ONLY_ACTIVE_ARCH = YES;
				SDKROOT = iphoneos;
				SWIFT_ACTIVE_COMPILATION_CONDITIONS = DEBUG;
				SWIFT_OPTIMIZATION_LEVEL = "-Onone";
			};
			name = Debug;
		};
		F8E2EA8E23DD82D60025DBF4 /* Release */ = {
			isa = XCBuildConfiguration;
			buildSettings = {
				ALWAYS_SEARCH_USER_PATHS = NO;
				CLANG_ANALYZER_NONNULL = YES;
				CLANG_ANALYZER_NUMBER_OBJECT_CONVERSION = YES_AGGRESSIVE;
				CLANG_CXX_LANGUAGE_STANDARD = "gnu++14";
				CLANG_CXX_LIBRARY = "libc++";
				CLANG_ENABLE_MODULES = YES;
				CLANG_ENABLE_OBJC_ARC = YES;
				CLANG_ENABLE_OBJC_WEAK = YES;
				CLANG_WARN_BLOCK_CAPTURE_AUTORELEASING = YES;
				CLANG_WARN_BOOL_CONVERSION = YES;
				CLANG_WARN_COMMA = YES;
				CLANG_WARN_CONSTANT_CONVERSION = YES;
				CLANG_WARN_DEPRECATED_OBJC_IMPLEMENTATIONS = YES;
				CLANG_WARN_DIRECT_OBJC_ISA_USAGE = YES_ERROR;
				CLANG_WARN_DOCUMENTATION_COMMENTS = YES;
				CLANG_WARN_EMPTY_BODY = YES;
				CLANG_WARN_ENUM_CONVERSION = YES;
				CLANG_WARN_INFINITE_RECURSION = YES;
				CLANG_WARN_INT_CONVERSION = YES;
				CLANG_WARN_NON_LITERAL_NULL_CONVERSION = YES;
				CLANG_WARN_OBJC_IMPLICIT_RETAIN_SELF = YES;
				CLANG_WARN_OBJC_LITERAL_CONVERSION = YES;
				CLANG_WARN_OBJC_ROOT_CLASS = YES_ERROR;
				CLANG_WARN_RANGE_LOOP_ANALYSIS = YES;
				CLANG_WARN_STRICT_PROTOTYPES = YES;
				CLANG_WARN_SUSPICIOUS_MOVE = YES;
				CLANG_WARN_UNGUARDED_AVAILABILITY = YES_AGGRESSIVE;
				CLANG_WARN_UNREACHABLE_CODE = YES;
				CLANG_WARN__DUPLICATE_METHOD_MATCH = YES;
				COPY_PHASE_STRIP = NO;
				DEBUG_INFORMATION_FORMAT = "dwarf-with-dsym";
				ENABLE_NS_ASSERTIONS = NO;
				ENABLE_STRICT_OBJC_MSGSEND = YES;
				GCC_C_LANGUAGE_STANDARD = gnu11;
				GCC_NO_COMMON_BLOCKS = YES;
				GCC_WARN_64_TO_32_BIT_CONVERSION = YES;
				GCC_WARN_ABOUT_RETURN_TYPE = YES_ERROR;
				GCC_WARN_UNDECLARED_SELECTOR = YES;
				GCC_WARN_UNINITIALIZED_AUTOS = YES_AGGRESSIVE;
				GCC_WARN_UNUSED_FUNCTION = YES;
				GCC_WARN_UNUSED_VARIABLE = YES;
				IPHONEOS_DEPLOYMENT_TARGET = 13.2;
				MTL_ENABLE_DEBUG_INFO = NO;
				MTL_FAST_MATH = YES;
				SDKROOT = iphoneos;
				SWIFT_COMPILATION_MODE = wholemodule;
				SWIFT_OPTIMIZATION_LEVEL = "-O";
				VALIDATE_PRODUCT = YES;
			};
			name = Release;
		};
		F8E2EA9023DD82D60025DBF4 /* Debug */ = {
			isa = XCBuildConfiguration;
			baseConfigurationReference = 77F97ADE50996A77AD4D8AC4 /* Pods-HAK_V1.debug.xcconfig */;
			buildSettings = {
				ASSETCATALOG_COMPILER_APPICON_NAME = AppIcon;
				CODE_SIGN_STYLE = Automatic;
				DEVELOPMENT_TEAM = 5UK2LR2PYG;
				INFOPLIST_FILE = HAK_V1/Info.plist;
				LD_RUNPATH_SEARCH_PATHS = (
					"$(inherited)",
					"@executable_path/Frameworks",
				);
				PRODUCT_BUNDLE_IDENTIFIER = "KSU.com.HAK-V1";
				PRODUCT_NAME = "$(TARGET_NAME)";
				SWIFT_VERSION = 5.0;
				TARGETED_DEVICE_FAMILY = "1,2";
			};
			name = Debug;
		};
		F8E2EA9123DD82D60025DBF4 /* Release */ = {
			isa = XCBuildConfiguration;
			baseConfigurationReference = B4DC0C9A5689E8A9A0FC6E34 /* Pods-HAK_V1.release.xcconfig */;
			buildSettings = {
				ASSETCATALOG_COMPILER_APPICON_NAME = AppIcon;
				CODE_SIGN_STYLE = Automatic;
				DEVELOPMENT_TEAM = 5UK2LR2PYG;
				INFOPLIST_FILE = HAK_V1/Info.plist;
				LD_RUNPATH_SEARCH_PATHS = (
					"$(inherited)",
					"@executable_path/Frameworks",
				);
				PRODUCT_BUNDLE_IDENTIFIER = "KSU.com.HAK-V1";
				PRODUCT_NAME = "$(TARGET_NAME)";
				SWIFT_VERSION = 5.0;
				TARGETED_DEVICE_FAMILY = "1,2";
			};
			name = Release;
		};
		F8E2EA9323DD82D60025DBF4 /* Debug */ = {
			isa = XCBuildConfiguration;
			baseConfigurationReference = B6B5DB408D11D489ADC75542 /* Pods-HAK_V1Tests.debug.xcconfig */;
			buildSettings = {
				ALWAYS_EMBED_SWIFT_STANDARD_LIBRARIES = YES;
				BUNDLE_LOADER = "$(TEST_HOST)";
				CODE_SIGN_STYLE = Automatic;
				DEVELOPMENT_TEAM = 5UK2LR2PYG;
				INFOPLIST_FILE = HAK_V1Tests/Info.plist;
				IPHONEOS_DEPLOYMENT_TARGET = 13.2;
				LD_RUNPATH_SEARCH_PATHS = (
					"$(inherited)",
					"@executable_path/Frameworks",
					"@loader_path/Frameworks",
				);
				PRODUCT_BUNDLE_IDENTIFIER = "KSU.com.HAK-V1Tests";
				PRODUCT_NAME = "$(TARGET_NAME)";
				SWIFT_VERSION = 5.0;
				TARGETED_DEVICE_FAMILY = "1,2";
				TEST_HOST = "$(BUILT_PRODUCTS_DIR)/HAK_V1.app/HAK_V1";
			};
			name = Debug;
		};
		F8E2EA9423DD82D60025DBF4 /* Release */ = {
			isa = XCBuildConfiguration;
			baseConfigurationReference = 955DC205C50643B52A10296F /* Pods-HAK_V1Tests.release.xcconfig */;
			buildSettings = {
				ALWAYS_EMBED_SWIFT_STANDARD_LIBRARIES = YES;
				BUNDLE_LOADER = "$(TEST_HOST)";
				CODE_SIGN_STYLE = Automatic;
				DEVELOPMENT_TEAM = 5UK2LR2PYG;
				INFOPLIST_FILE = HAK_V1Tests/Info.plist;
				IPHONEOS_DEPLOYMENT_TARGET = 13.2;
				LD_RUNPATH_SEARCH_PATHS = (
					"$(inherited)",
					"@executable_path/Frameworks",
					"@loader_path/Frameworks",
				);
				PRODUCT_BUNDLE_IDENTIFIER = "KSU.com.HAK-V1Tests";
				PRODUCT_NAME = "$(TARGET_NAME)";
				SWIFT_VERSION = 5.0;
				TARGETED_DEVICE_FAMILY = "1,2";
				TEST_HOST = "$(BUILT_PRODUCTS_DIR)/HAK_V1.app/HAK_V1";
			};
			name = Release;
		};
		F8E2EA9623DD82D60025DBF4 /* Debug */ = {
			isa = XCBuildConfiguration;
			baseConfigurationReference = 6CBB82BDD8FB8F41F56CE148 /* Pods-HAK_V1-HAK_V1UITests.debug.xcconfig */;
			buildSettings = {
				ALWAYS_EMBED_SWIFT_STANDARD_LIBRARIES = YES;
				CODE_SIGN_STYLE = Automatic;
				DEVELOPMENT_TEAM = 5UK2LR2PYG;
				INFOPLIST_FILE = HAK_V1UITests/Info.plist;
				LD_RUNPATH_SEARCH_PATHS = (
					"$(inherited)",
					"@executable_path/Frameworks",
					"@loader_path/Frameworks",
				);
				PRODUCT_BUNDLE_IDENTIFIER = "KSU.com.HAK-V1UITests";
				PRODUCT_NAME = "$(TARGET_NAME)";
				SWIFT_VERSION = 5.0;
				TARGETED_DEVICE_FAMILY = "1,2";
				TEST_TARGET_NAME = HAK_V1;
			};
			name = Debug;
		};
		F8E2EA9723DD82D60025DBF4 /* Release */ = {
			isa = XCBuildConfiguration;
			baseConfigurationReference = C7F04EB26167AFB89271740F /* Pods-HAK_V1-HAK_V1UITests.release.xcconfig */;
			buildSettings = {
				ALWAYS_EMBED_SWIFT_STANDARD_LIBRARIES = YES;
				CODE_SIGN_STYLE = Automatic;
				DEVELOPMENT_TEAM = 5UK2LR2PYG;
				INFOPLIST_FILE = HAK_V1UITests/Info.plist;
				LD_RUNPATH_SEARCH_PATHS = (
					"$(inherited)",
					"@executable_path/Frameworks",
					"@loader_path/Frameworks",
				);
				PRODUCT_BUNDLE_IDENTIFIER = "KSU.com.HAK-V1UITests";
				PRODUCT_NAME = "$(TARGET_NAME)";
				SWIFT_VERSION = 5.0;
				TARGETED_DEVICE_FAMILY = "1,2";
				TEST_TARGET_NAME = HAK_V1;
			};
			name = Release;
		};
/* End XCBuildConfiguration section */

/* Begin XCConfigurationList section */
		F8E2EA6023DD82D50025DBF4 /* Build configuration list for PBXProject "HAK_V1" */ = {
			isa = XCConfigurationList;
			buildConfigurations = (
				F8E2EA8D23DD82D60025DBF4 /* Debug */,
				F8E2EA8E23DD82D60025DBF4 /* Release */,
			);
			defaultConfigurationIsVisible = 0;
			defaultConfigurationName = Release;
		};
		F8E2EA8F23DD82D60025DBF4 /* Build configuration list for PBXNativeTarget "HAK_V1" */ = {
			isa = XCConfigurationList;
			buildConfigurations = (
				F8E2EA9023DD82D60025DBF4 /* Debug */,
				F8E2EA9123DD82D60025DBF4 /* Release */,
			);
			defaultConfigurationIsVisible = 0;
			defaultConfigurationName = Release;
		};
		F8E2EA9223DD82D60025DBF4 /* Build configuration list for PBXNativeTarget "HAK_V1Tests" */ = {
			isa = XCConfigurationList;
			buildConfigurations = (
				F8E2EA9323DD82D60025DBF4 /* Debug */,
				F8E2EA9423DD82D60025DBF4 /* Release */,
			);
			defaultConfigurationIsVisible = 0;
			defaultConfigurationName = Release;
		};
		F8E2EA9523DD82D60025DBF4 /* Build configuration list for PBXNativeTarget "HAK_V1UITests" */ = {
			isa = XCConfigurationList;
			buildConfigurations = (
				F8E2EA9623DD82D60025DBF4 /* Debug */,
				F8E2EA9723DD82D60025DBF4 /* Release */,
			);
			defaultConfigurationIsVisible = 0;
			defaultConfigurationName = Release;
		};
/* End XCConfigurationList section */
	};
	rootObject = F8E2EA5D23DD82D50025DBF4 /* Project object */;
}
