// !$*UTF8*$!
{
	archiveVersion = 1;
	classes = {
	};
	objectVersion = 50;
	objects = {

/* Begin PBXBuildFile section */
		F8E2EA6923DD82D50025DBF4 /* AppDelegate.swift in Sources */ = {isa = PBXBuildFile; fileRef = F8E2EA6823DD82D50025DBF4 /* AppDelegate.swift */; };
		F8E2EA6B23DD82D50025DBF4 /* SceneDelegate.swift in Sources */ = {isa = PBXBuildFile; fileRef = F8E2EA6A23DD82D50025DBF4 /* SceneDelegate.swift */; };
		F8E2EA6D23DD82D50025DBF4 /* ViewController.swift in Sources */ = {isa = PBXBuildFile; fileRef = F8E2EA6C23DD82D50025DBF4 /* ViewController.swift */; };
		F8E2EA7023DD82D50025DBF4 /* Main.storyboard in Resources */ = {isa = PBXBuildFile; fileRef = F8E2EA6E23DD82D50025DBF4 /* Main.storyboard */; };
		F8E2EA7223DD82D60025DBF4 /* Assets.xcassets in Resources */ = {isa = PBXBuildFile; fileRef = F8E2EA7123DD82D60025DBF4 /* Assets.xcassets */; };
		F8E2EA7523DD82D60025DBF4 /* LaunchScreen.storyboard in Resources */ = {isa = PBXBuildFile; fileRef = F8E2EA7323DD82D60025DBF4 /* LaunchScreen.storyboard */; };
		F8E2EA8023DD82D60025DBF4 /* HAK_V1Tests.swift in Sources */ = {isa = PBXBuildFile; fileRef = F8E2EA7F23DD82D60025DBF4 /* HAK_V1Tests.swift */; };
		F8E2EA8B23DD82D60025DBF4 /* HAK_V1UITests.swift in Sources */ = {isa = PBXBuildFile; fileRef = F8E2EA8A23DD82D60025DBF4 /* HAK_V1UITests.swift */; };
		F8E2EA9923DD92CE0025DBF4 /* homeViewController.swift in Sources */ = {isa = PBXBuildFile; fileRef = F8E2EA9823DD92CE0025DBF4 /* homeViewController.swift */; };
		F8E2EA9B23DD92F20025DBF4 /* signInViewController.swift in Sources */ = {isa = PBXBuildFile; fileRef = F8E2EA9A23DD92F20025DBF4 /* signInViewController.swift */; };
		F8E2EA9D23DD93120025DBF4 /* signUpViewController.swift in Sources */ = {isa = PBXBuildFile; fileRef = F8E2EA9C23DD93120025DBF4 /* signUpViewController.swift */; };
/* End PBXBuildFile section */

/* Begin PBXContainerItemProxy section */
		F8E2EA7C23DD82D60025DBF4 /* PBXContainerItemProxy */ = {
			isa = PBXContainerItemProxy;
			containerPortal = F8E2EA5D23DD82D50025DBF4 /* Project object */;
			proxyType = 1;
			remoteGlobalIDString = F8E2EA6423DD82D50025DBF4;
			remoteInfo = HAK_V1;
		};
		F8E2EA8723DD82D60025DBF4 /* PBXContainerItemProxy */ = {
			isa = PBXContainerItemProxy;
			containerPortal = F8E2EA5D23DD82D50025DBF4 /* Project object */;
			proxyType = 1;
			remoteGlobalIDString = F8E2EA6423DD82D50025DBF4;
			remoteInfo = HAK_V1;
		};
/* End PBXContainerItemProxy section */

/* Begin PBXFileReference section */
		F8E2EA6523DD82D50025DBF4 /* HAK_V1.app */ = {isa = PBXFileReference; explicitFileType = wrapper.application; includeInIndex = 0; path = HAK_V1.app; sourceTree = BUILT_PRODUCTS_DIR; };
		F8E2EA6823DD82D50025DBF4 /* AppDelegate.swift */ = {isa = PBXFileReference; lastKnownFileType = sourcecode.swift; path = AppDelegate.swift; sourceTree = "<group>"; };
		F8E2EA6A23DD82D50025DBF4 /* SceneDelegate.swift */ = {isa = PBXFileReference; lastKnownFileType = sourcecode.swift; path = SceneDelegate.swift; sourceTree = "<group>"; };
		F8E2EA6C23DD82D50025DBF4 /* ViewController.swift */ = {isa = PBXFileReference; lastKnownFileType = sourcecode.swift; path = ViewController.swift; sourceTree = "<group>"; };
		F8E2EA6F23DD82D50025DBF4 /* Base */ = {isa = PBXFileReference; lastKnownFileType = file.storyboard; name = Base; path = Base.lproj/Main.storyboard; sourceTree = "<group>"; };
		F8E2EA7123DD82D60025DBF4 /* Assets.xcassets */ = {isa = PBXFileReference; lastKnownFileType = folder.assetcatalog; path = Assets.xcassets; sourceTree = "<group>"; };
		F8E2EA7423DD82D60025DBF4 /* Base */ = {isa = PBXFileReference; lastKnownFileType = file.storyboard; name = Base; path = Base.lproj/LaunchScreen.storyboard; sourceTree = "<group>"; };
		F8E2EA7623DD82D60025DBF4 /* Info.plist */ = {isa = PBXFileReference; lastKnownFileType = text.plist.xml; path = Info.plist; sourceTree = "<group>"; };
		F8E2EA7B23DD82D60025DBF4 /* HAK_V1Tests.xctest */ = {isa = PBXFileReference; explicitFileType = wrapper.cfbundle; includeInIndex = 0; path = HAK_V1Tests.xctest; sourceTree = BUILT_PRODUCTS_DIR; };
		F8E2EA7F23DD82D60025DBF4 /* HAK_V1Tests.swift */ = {isa = PBXFileReference; lastKnownFileType = sourcecode.swift; path = HAK_V1Tests.swift; sourceTree = "<group>"; };
		F8E2EA8123DD82D60025DBF4 /* Info.plist */ = {isa = PBXFileReference; lastKnownFileType = text.plist.xml; path = Info.plist; sourceTree = "<group>"; };
		F8E2EA8623DD82D60025DBF4 /* HAK_V1UITests.xctest */ = {isa = PBXFileReference; explicitFileType = wrapper.cfbundle; includeInIndex = 0; path = HAK_V1UITests.xctest; sourceTree = BUILT_PRODUCTS_DIR; };
		F8E2EA8A23DD82D60025DBF4 /* HAK_V1UITests.swift */ = {isa = PBXFileReference; lastKnownFileType = sourcecode.swift; path = HAK_V1UITests.swift; sourceTree = "<group>"; };
		F8E2EA8C23DD82D60025DBF4 /* Info.plist */ = {isa = PBXFileReference; lastKnownFileType = text.plist.xml; path = Info.plist; sourceTree = "<group>"; };
		F8E2EA9823DD92CE0025DBF4 /* homeViewController.swift */ = {isa = PBXFileReference; lastKnownFileType = sourcecode.swift; path = homeViewController.swift; sourceTree = "<group>"; };
		F8E2EA9A23DD92F20025DBF4 /* signInViewController.swift */ = {isa = PBXFileReference; lastKnownFileType = sourcecode.swift; path = signInViewController.swift; sourceTree = "<group>"; };
		F8E2EA9C23DD93120025DBF4 /* signUpViewController.swift */ = {isa = PBXFileReference; lastKnownFileType = sourcecode.swift; path = signUpViewController.swift; sourceTree = "<group>"; };
/* End PBXFileReference section */

/* Begin PBXFrameworksBuildPhase section */
		F8E2EA6223DD82D50025DBF4 /* Frameworks */ = {
			isa = PBXFrameworksBuildPhase;
			buildActionMask = 2147483647;
			files = (
			);
			runOnlyForDeploymentPostprocessing = 0;
		};
		F8E2EA7823DD82D60025DBF4 /* Frameworks */ = {
			isa = PBXFrameworksBuildPhase;
			buildActionMask = 2147483647;
			files = (
			);
			runOnlyForDeploymentPostprocessing = 0;
		};
		F8E2EA8323DD82D60025DBF4 /* Frameworks */ = {
			isa = PBXFrameworksBuildPhase;
			buildActionMask = 2147483647;
			files = (
			);
			runOnlyForDeploymentPostprocessing = 0;
		};
/* End PBXFrameworksBuildPhase section */

/* Begin PBXGroup section */
		F8E2EA5C23DD82D40025DBF4 = {
			isa = PBXGroup;
			children = (
				F8E2EA6723DD82D50025DBF4 /* HAK_V1 */,
				F8E2EA7E23DD82D60025DBF4 /* HAK_V1Tests */,
				F8E2EA8923DD82D60025DBF4 /* HAK_V1UITests */,
				F8E2EA6623DD82D50025DBF4 /* Products */,
			);
			sourceTree = "<group>";
		};
		F8E2EA6623DD82D50025DBF4 /* Products */ = {
			isa = PBXGroup;
			children = (
				F8E2EA6523DD82D50025DBF4 /* HAK_V1.app */,
				F8E2EA7B23DD82D60025DBF4 /* HAK_V1Tests.xctest */,
				F8E2EA8623DD82D60025DBF4 /* HAK_V1UITests.xctest */,
			);
			name = Products;
			sourceTree = "<group>";
		};
		F8E2EA6723DD82D50025DBF4 /* HAK_V1 */ = {
			isa = PBXGroup;
			children = (
				F8E2EA9E23DD931F0025DBF4 /* ViewControllers */,
				F8E2EA6823DD82D50025DBF4 /* AppDelegate.swift */,
				F8E2EA6A23DD82D50025DBF4 /* SceneDelegate.swift */,
				F8E2EA6E23DD82D50025DBF4 /* Main.storyboard */,
				F8E2EA7123DD82D60025DBF4 /* Assets.xcassets */,
				F8E2EA7323DD82D60025DBF4 /* LaunchScreen.storyboard */,
				F8E2EA7623DD82D60025DBF4 /* Info.plist */,
			);
			path = HAK_V1;
			sourceTree = "<group>";
		};
		F8E2EA7E23DD82D60025DBF4 /* HAK_V1Tests */ = {
			isa = PBXGroup;
			children = (
				F8E2EA7F23DD82D60025DBF4 /* HAK_V1Tests.swift */,
				F8E2EA8123DD82D60025DBF4 /* Info.plist */,
			);
			path = HAK_V1Tests;
			sourceTree = "<group>";
		};
		F8E2EA8923DD82D60025DBF4 /* HAK_V1UITests */ = {
			isa = PBXGroup;
			children = (
				F8E2EA8A23DD82D60025DBF4 /* HAK_V1UITests.swift */,
				F8E2EA8C23DD82D60025DBF4 /* Info.plist */,
			);
			path = HAK_V1UITests;
			sourceTree = "<group>";
		};
		F8E2EA9E23DD931F0025DBF4 /* ViewControllers */ = {
			isa = PBXGroup;
			children = (
				F8E2EA6C23DD82D50025DBF4 /* ViewController.swift */,
				F8E2EA9823DD92CE0025DBF4 /* homeViewController.swift */,
				F8E2EA9A23DD92F20025DBF4 /* signInViewController.swift */,
				F8E2EA9C23DD93120025DBF4 /* signUpViewController.swift */,
			);
			path = ViewControllers;
			sourceTree = "<group>";
		};
/* End PBXGroup section */

/* Begin PBXNativeTarget section */
		F8E2EA6423DD82D50025DBF4 /* HAK_V1 */ = {
			isa = PBXNativeTarget;
			buildConfigurationList = F8E2EA8F23DD82D60025DBF4 /* Build configuration list for PBXNativeTarget "HAK_V1" */;
			buildPhases = (
				F8E2EA6123DD82D50025DBF4 /* Sources */,
				F8E2EA6223DD82D50025DBF4 /* Frameworks */,
				F8E2EA6323DD82D50025DBF4 /* Resources */,
			);
			buildRules = (
			);
			dependencies = (
			);
			name = HAK_V1;
			productName = HAK_V1;
			productReference = F8E2EA6523DD82D50025DBF4 /* HAK_V1.app */;
			productType = "com.apple.product-type.application";
		};
		F8E2EA7A23DD82D60025DBF4 /* HAK_V1Tests */ = {
			isa = PBXNativeTarget;
			buildConfigurationList = F8E2EA9223DD82D60025DBF4 /* Build configuration list for PBXNativeTarget "HAK_V1Tests" */;
			buildPhases = (
				F8E2EA7723DD82D60025DBF4 /* Sources */,
				F8E2EA7823DD82D60025DBF4 /* Frameworks */,
				F8E2EA7923DD82D60025DBF4 /* Resources */,
			);
			buildRules = (
			);
			dependencies = (
				F8E2EA7D23DD82D60025DBF4 /* PBXTargetDependency */,
			);
			name = HAK_V1Tests;
			productName = HAK_V1Tests;
			productReference = F8E2EA7B23DD82D60025DBF4 /* HAK_V1Tests.xctest */;
			productType = "com.apple.product-type.bundle.unit-test";
		};
		F8E2EA8523DD82D60025DBF4 /* HAK_V1UITests */ = {
			isa = PBXNativeTarget;
			buildConfigurationList = F8E2EA9523DD82D60025DBF4 /* Build configuration list for PBXNativeTarget "HAK_V1UITests" */;
			buildPhases = (
				F8E2EA8223DD82D60025DBF4 /* Sources */,
				F8E2EA8323DD82D60025DBF4 /* Frameworks */,
				F8E2EA8423DD82D60025DBF4 /* Resources */,
			);
			buildRules = (
			);
			dependencies = (
				F8E2EA8823DD82D60025DBF4 /* PBXTargetDependency */,
			);
			name = HAK_V1UITests;
			productName = HAK_V1UITests;
			productReference = F8E2EA8623DD82D60025DBF4 /* HAK_V1UITests.xctest */;
			productType = "com.apple.product-type.bundle.ui-testing";
		};
/* End PBXNativeTarget section */

/* Begin PBXProject section */
		F8E2EA5D23DD82D50025DBF4 /* Project object */ = {
			isa = PBXProject;
			attributes = {
				LastSwiftUpdateCheck = 1130;
				LastUpgradeCheck = 1130;
				ORGANIZATIONNAME = "Reem Almalki";
				TargetAttributes = {
					F8E2EA6423DD82D50025DBF4 = {
						CreatedOnToolsVersion = 11.3.1;
					};
					F8E2EA7A23DD82D60025DBF4 = {
						CreatedOnToolsVersion = 11.3.1;
						TestTargetID = F8E2EA6423DD82D50025DBF4;
					};
					F8E2EA8523DD82D60025DBF4 = {
						CreatedOnToolsVersion = 11.3.1;
						TestTargetID = F8E2EA6423DD82D50025DBF4;
					};
				};
			};
			buildConfigurationList = F8E2EA6023DD82D50025DBF4 /* Build configuration list for PBXProject "HAK_V1" */;
			compatibilityVersion = "Xcode 9.3";
			developmentRegion = en;
			hasScannedForEncodings = 0;
			knownRegions = (
				en,
				Base,
			);
			mainGroup = F8E2EA5C23DD82D40025DBF4;
			productRefGroup = F8E2EA6623DD82D50025DBF4 /* Products */;
			projectDirPath = "";
			projectRoot = "";
			targets = (
				F8E2EA6423DD82D50025DBF4 /* HAK_V1 */,
				F8E2EA7A23DD82D60025DBF4 /* HAK_V1Tests */,
				F8E2EA8523DD82D60025DBF4 /* HAK_V1UITests */,
			);
		};
/* End PBXProject section */

/* Begin PBXResourcesBuildPhase section */
		F8E2EA6323DD82D50025DBF4 /* Resources */ = {
			isa = PBXResourcesBuildPhase;
			buildActionMask = 2147483647;
			files = (
				F8E2EA7523DD82D60025DBF4 /* LaunchScreen.storyboard in Resources */,
				F8E2EA7223DD82D60025DBF4 /* Assets.xcassets in Resources */,
				F8E2EA7023DD82D50025DBF4 /* Main.storyboard in Resources */,
			);
			runOnlyForDeploymentPostprocessing = 0;
		};
		F8E2EA7923DD82D60025DBF4 /* Resources */ = {
			isa = PBXResourcesBuildPhase;
			buildActionMask = 2147483647;
			files = (
			);
			runOnlyForDeploymentPostprocessing = 0;
		};
		F8E2EA8423DD82D60025DBF4 /* Resources */ = {
			isa = PBXResourcesBuildPhase;
			buildActionMask = 2147483647;
			files = (
			);
			runOnlyForDeploymentPostprocessing = 0;
		};
/* End PBXResourcesBuildPhase section */

/* Begin PBXSourcesBuildPhase section */
		F8E2EA6123DD82D50025DBF4 /* Sources */ = {
			isa = PBXSourcesBuildPhase;
			buildActionMask = 2147483647;
			files = (
				F8E2EA6D23DD82D50025DBF4 /* ViewController.swift in Sources */,
				F8E2EA6923DD82D50025DBF4 /* AppDelegate.swift in Sources */,
				F8E2EA9D23DD93120025DBF4 /* signUpViewController.swift in Sources */,
				F8E2EA6B23DD82D50025DBF4 /* SceneDelegate.swift in Sources */,
				F8E2EA9923DD92CE0025DBF4 /* homeViewController.swift in Sources */,
				F8E2EA9B23DD92F20025DBF4 /* signInViewController.swift in Sources */,
			);
			runOnlyForDeploymentPostprocessing = 0;
		};
		F8E2EA7723DD82D60025DBF4 /* Sources */ = {
			isa = PBXSourcesBuildPhase;
			buildActionMask = 2147483647;
			files = (
				F8E2EA8023DD82D60025DBF4 /* HAK_V1Tests.swift in Sources */,
			);
			runOnlyForDeploymentPostprocessing = 0;
		};
		F8E2EA8223DD82D60025DBF4 /* Sources */ = {
			isa = PBXSourcesBuildPhase;
			buildActionMask = 2147483647;
			files = (
				F8E2EA8B23DD82D60025DBF4 /* HAK_V1UITests.swift in Sources */,
			);
			runOnlyForDeploymentPostprocessing = 0;
		};
/* End PBXSourcesBuildPhase section */

/* Begin PBXTargetDependency section */
		F8E2EA7D23DD82D60025DBF4 /* PBXTargetDependency */ = {
			isa = PBXTargetDependency;
			target = F8E2EA6423DD82D50025DBF4 /* HAK_V1 */;
			targetProxy = F8E2EA7C23DD82D60025DBF4 /* PBXContainerItemProxy */;
		};
		F8E2EA8823DD82D60025DBF4 /* PBXTargetDependency */ = {
			isa = PBXTargetDependency;
			target = F8E2EA6423DD82D50025DBF4 /* HAK_V1 */;
			targetProxy = F8E2EA8723DD82D60025DBF4 /* PBXContainerItemProxy */;
		};
/* End PBXTargetDependency section */

/* Begin PBXVariantGroup section */
		F8E2EA6E23DD82D50025DBF4 /* Main.storyboard */ = {
			isa = PBXVariantGroup;
			children = (
				F8E2EA6F23DD82D50025DBF4 /* Base */,
			);
			name = Main.storyboard;
			sourceTree = "<group>";
		};
		F8E2EA7323DD82D60025DBF4 /* LaunchScreen.storyboard */ = {
			isa = PBXVariantGroup;
			children = (
				F8E2EA7423DD82D60025DBF4 /* Base */,
			);
			name = LaunchScreen.storyboard;
			sourceTree = "<group>";
		};
/* End PBXVariantGroup section */

/* Begin XCBuildConfiguration section */
		F8E2EA8D23DD82D60025DBF4 /* Debug */ = {
			isa = XCBuildConfiguration;
			buildSettings = {
				ALWAYS_SEARCH_USER_PATHS = NO;
				CLANG_ANALYZER_NONNULL = YES;
				CLANG_ANALYZER_NUMBER_OBJECT_CONVERSION = YES_AGGRESSIVE;
				CLANG_CXX_LANGUAGE_STANDARD = "gnu++14";
				CLANG_CXX_LIBRARY = "libc++";
				CLANG_ENABLE_MODULES = YES;
				CLANG_ENABLE_OBJC_ARC = YES;
				CLANG_ENABLE_OBJC_WEAK = YES;
				CLANG_WARN_BLOCK_CAPTURE_AUTORELEASING = YES;
				CLANG_WARN_BOOL_CONVERSION = YES;
				CLANG_WARN_COMMA = YES;
				CLANG_WARN_CONSTANT_CONVERSION = YES;
				CLANG_WARN_DEPRECATED_OBJC_IMPLEMENTATIONS = YES;
				CLANG_WARN_DIRECT_OBJC_ISA_USAGE = YES_ERROR;
				CLANG_WARN_DOCUMENTATION_COMMENTS = YES;
				CLANG_WARN_EMPTY_BODY = YES;
				CLANG_WARN_ENUM_CONVERSION = YES;
				CLANG_WARN_INFINITE_RECURSION = YES;
				CLANG_WARN_INT_CONVERSION = YES;
				CLANG_WARN_NON_LITERAL_NULL_CONVERSION = YES;
				CLANG_WARN_OBJC_IMPLICIT_RETAIN_SELF = YES;
				CLANG_WARN_OBJC_LITERAL_CONVERSION = YES;
				CLANG_WARN_OBJC_ROOT_CLASS = YES_ERROR;
				CLANG_WARN_RANGE_LOOP_ANALYSIS = YES;
				CLANG_WARN_STRICT_PROTOTYPES = YES;
				CLANG_WARN_SUSPICIOUS_MOVE = YES;
				CLANG_WARN_UNGUARDED_AVAILABILITY = YES_AGGRESSIVE;
				CLANG_WARN_UNREACHABLE_CODE = YES;
				CLANG_WARN__DUPLICATE_METHOD_MATCH = YES;
				COPY_PHASE_STRIP = NO;
				DEBUG_INFORMATION_FORMAT = dwarf;
				ENABLE_STRICT_OBJC_MSGSEND = YES;
				ENABLE_TESTABILITY = YES;
				GCC_C_LANGUAGE_STANDARD = gnu11;
				GCC_DYNAMIC_NO_PIC = NO;
				GCC_NO_COMMON_BLOCKS = YES;
				GCC_OPTIMIZATION_LEVEL = 0;
				GCC_PREPROCESSOR_DEFINITIONS = (
					"DEBUG=1",
					"$(inherited)",
				);
				GCC_WARN_64_TO_32_BIT_CONVERSION = YES;
				GCC_WARN_ABOUT_RETURN_TYPE = YES_ERROR;
				GCC_WARN_UNDECLARED_SELECTOR = YES;
				GCC_WARN_UNINITIALIZED_AUTOS = YES_AGGRESSIVE;
				GCC_WARN_UNUSED_FUNCTION = YES;
				GCC_WARN_UNUSED_VARIABLE = YES;
				IPHONEOS_DEPLOYMENT_TARGET = 13.2;
				MTL_ENABLE_DEBUG_INFO = INCLUDE_SOURCE;
				MTL_FAST_MATH = YES;
				ONLY_ACTIVE_ARCH = YES;
				SDKROOT = iphoneos;
				SWIFT_ACTIVE_COMPILATION_CONDITIONS = DEBUG;
				SWIFT_OPTIMIZATION_LEVEL = "-Onone";
			};
			name = Debug;
		};
		F8E2EA8E23DD82D60025DBF4 /* Release */ = {
			isa = XCBuildConfiguration;
			buildSettings = {
				ALWAYS_SEARCH_USER_PATHS = NO;
				CLANG_ANALYZER_NONNULL = YES;
				CLANG_ANALYZER_NUMBER_OBJECT_CONVERSION = YES_AGGRESSIVE;
				CLANG_CXX_LANGUAGE_STANDARD = "gnu++14";
				CLANG_CXX_LIBRARY = "libc++";
				CLANG_ENABLE_MODULES = YES;
				CLANG_ENABLE_OBJC_ARC = YES;
				CLANG_ENABLE_OBJC_WEAK = YES;
				CLANG_WARN_BLOCK_CAPTURE_AUTORELEASING = YES;
				CLANG_WARN_BOOL_CONVERSION = YES;
				CLANG_WARN_COMMA = YES;
				CLANG_WARN_CONSTANT_CONVERSION = YES;
				CLANG_WARN_DEPRECATED_OBJC_IMPLEMENTATIONS = YES;
				CLANG_WARN_DIRECT_OBJC_ISA_USAGE = YES_ERROR;
				CLANG_WARN_DOCUMENTATION_COMMENTS = YES;
				CLANG_WARN_EMPTY_BODY = YES;
				CLANG_WARN_ENUM_CONVERSION = YES;
				CLANG_WARN_INFINITE_RECURSION = YES;
				CLANG_WARN_INT_CONVERSION = YES;
				CLANG_WARN_NON_LITERAL_NULL_CONVERSION = YES;
				CLANG_WARN_OBJC_IMPLICIT_RETAIN_SELF = YES;
				CLANG_WARN_OBJC_LITERAL_CONVERSION = YES;
				CLANG_WARN_OBJC_ROOT_CLASS = YES_ERROR;
				CLANG_WARN_RANGE_LOOP_ANALYSIS = YES;
				CLANG_WARN_STRICT_PROTOTYPES = YES;
				CLANG_WARN_SUSPICIOUS_MOVE = YES;
				CLANG_WARN_UNGUARDED_AVAILABILITY = YES_AGGRESSIVE;
				CLANG_WARN_UNREACHABLE_CODE = YES;
				CLANG_WARN__DUPLICATE_METHOD_MATCH = YES;
				COPY_PHASE_STRIP = NO;
				DEBUG_INFORMATION_FORMAT = "dwarf-with-dsym";
				ENABLE_NS_ASSERTIONS = NO;
				ENABLE_STRICT_OBJC_MSGSEND = YES;
				GCC_C_LANGUAGE_STANDARD = gnu11;
				GCC_NO_COMMON_BLOCKS = YES;
				GCC_WARN_64_TO_32_BIT_CONVERSION = YES;
				GCC_WARN_ABOUT_RETURN_TYPE = YES_ERROR;
				GCC_WARN_UNDECLARED_SELECTOR = YES;
				GCC_WARN_UNINITIALIZED_AUTOS = YES_AGGRESSIVE;
				GCC_WARN_UNUSED_FUNCTION = YES;
				GCC_WARN_UNUSED_VARIABLE = YES;
				IPHONEOS_DEPLOYMENT_TARGET = 13.2;
				MTL_ENABLE_DEBUG_INFO = NO;
				MTL_FAST_MATH = YES;
				SDKROOT = iphoneos;
				SWIFT_COMPILATION_MODE = wholemodule;
				SWIFT_OPTIMIZATION_LEVEL = "-O";
				VALIDATE_PRODUCT = YES;
			};
			name = Release;
		};
		F8E2EA9023DD82D60025DBF4 /* Debug */ = {
			isa = XCBuildConfiguration;
			buildSettings = {
				ASSETCATALOG_COMPILER_APPICON_NAME = AppIcon;
				CODE_SIGN_STYLE = Automatic;
				DEVELOPMENT_TEAM = 5UK2LR2PYG;
				INFOPLIST_FILE = HAK_V1/Info.plist;
				LD_RUNPATH_SEARCH_PATHS = (
					"$(inherited)",
					"@executable_path/Frameworks",
				);
				PRODUCT_BUNDLE_IDENTIFIER = "KSU.com.HAK-V1";
				PRODUCT_NAME = "$(TARGET_NAME)";
				SWIFT_VERSION = 5.0;
				TARGETED_DEVICE_FAMILY = "1,2";
			};
			name = Debug;
		};
		F8E2EA9123DD82D60025DBF4 /* Release */ = {
			isa = XCBuildConfiguration;
			buildSettings = {
				ASSETCATALOG_COMPILER_APPICON_NAME = AppIcon;
				CODE_SIGN_STYLE = Automatic;
				DEVELOPMENT_TEAM = 5UK2LR2PYG;
				INFOPLIST_FILE = HAK_V1/Info.plist;
				LD_RUNPATH_SEARCH_PATHS = (
					"$(inherited)",
					"@executable_path/Frameworks",
				);
				PRODUCT_BUNDLE_IDENTIFIER = "KSU.com.HAK-V1";
				PRODUCT_NAME = "$(TARGET_NAME)";
				SWIFT_VERSION = 5.0;
				TARGETED_DEVICE_FAMILY = "1,2";
			};
			name = Release;
		};
		F8E2EA9323DD82D60025DBF4 /* Debug */ = {
			isa = XCBuildConfiguration;
			buildSettings = {
				ALWAYS_EMBED_SWIFT_STANDARD_LIBRARIES = YES;
				BUNDLE_LOADER = "$(TEST_HOST)";
				CODE_SIGN_STYLE = Automatic;
				DEVELOPMENT_TEAM = 5UK2LR2PYG;
				INFOPLIST_FILE = HAK_V1Tests/Info.plist;
				IPHONEOS_DEPLOYMENT_TARGET = 13.2;
				LD_RUNPATH_SEARCH_PATHS = (
					"$(inherited)",
					"@executable_path/Frameworks",
					"@loader_path/Frameworks",
				);
				PRODUCT_BUNDLE_IDENTIFIER = "KSU.com.HAK-V1Tests";
				PRODUCT_NAME = "$(TARGET_NAME)";
				SWIFT_VERSION = 5.0;
				TARGETED_DEVICE_FAMILY = "1,2";
				TEST_HOST = "$(BUILT_PRODUCTS_DIR)/HAK_V1.app/HAK_V1";
			};
			name = Debug;
		};
		F8E2EA9423DD82D60025DBF4 /* Release */ = {
			isa = XCBuildConfiguration;
			buildSettings = {
				ALWAYS_EMBED_SWIFT_STANDARD_LIBRARIES = YES;
				BUNDLE_LOADER = "$(TEST_HOST)";
				CODE_SIGN_STYLE = Automatic;
				DEVELOPMENT_TEAM = 5UK2LR2PYG;
				INFOPLIST_FILE = HAK_V1Tests/Info.plist;
				IPHONEOS_DEPLOYMENT_TARGET = 13.2;
				LD_RUNPATH_SEARCH_PATHS = (
					"$(inherited)",
					"@executable_path/Frameworks",
					"@loader_path/Frameworks",
				);
				PRODUCT_BUNDLE_IDENTIFIER = "KSU.com.HAK-V1Tests";
				PRODUCT_NAME = "$(TARGET_NAME)";
				SWIFT_VERSION = 5.0;
				TARGETED_DEVICE_FAMILY = "1,2";
				TEST_HOST = "$(BUILT_PRODUCTS_DIR)/HAK_V1.app/HAK_V1";
			};
			name = Release;
		};
		F8E2EA9623DD82D60025DBF4 /* Debug */ = {
			isa = XCBuildConfiguration;
			buildSettings = {
				ALWAYS_EMBED_SWIFT_STANDARD_LIBRARIES = YES;
				CODE_SIGN_STYLE = Automatic;
				DEVELOPMENT_TEAM = 5UK2LR2PYG;
				INFOPLIST_FILE = HAK_V1UITests/Info.plist;
				LD_RUNPATH_SEARCH_PATHS = (
					"$(inherited)",
					"@executable_path/Frameworks",
					"@loader_path/Frameworks",
				);
				PRODUCT_BUNDLE_IDENTIFIER = "KSU.com.HAK-V1UITests";
				PRODUCT_NAME = "$(TARGET_NAME)";
				SWIFT_VERSION = 5.0;
				TARGETED_DEVICE_FAMILY = "1,2";
				TEST_TARGET_NAME = HAK_V1;
			};
			name = Debug;
		};
		F8E2EA9723DD82D60025DBF4 /* Release */ = {
			isa = XCBuildConfiguration;
			buildSettings = {
				ALWAYS_EMBED_SWIFT_STANDARD_LIBRARIES = YES;
				CODE_SIGN_STYLE = Automatic;
				DEVELOPMENT_TEAM = 5UK2LR2PYG;
				INFOPLIST_FILE = HAK_V1UITests/Info.plist;
				LD_RUNPATH_SEARCH_PATHS = (
					"$(inherited)",
					"@executable_path/Frameworks",
					"@loader_path/Frameworks",
				);
				PRODUCT_BUNDLE_IDENTIFIER = "KSU.com.HAK-V1UITests";
				PRODUCT_NAME = "$(TARGET_NAME)";
				SWIFT_VERSION = 5.0;
				TARGETED_DEVICE_FAMILY = "1,2";
				TEST_TARGET_NAME = HAK_V1;
			};
			name = Release;
		};
/* End XCBuildConfiguration section */

/* Begin XCConfigurationList section */
		F8E2EA6023DD82D50025DBF4 /* Build configuration list for PBXProject "HAK_V1" */ = {
			isa = XCConfigurationList;
			buildConfigurations = (
				F8E2EA8D23DD82D60025DBF4 /* Debug */,
				F8E2EA8E23DD82D60025DBF4 /* Release */,
			);
			defaultConfigurationIsVisible = 0;
			defaultConfigurationName = Release;
		};
		F8E2EA8F23DD82D60025DBF4 /* Build configuration list for PBXNativeTarget "HAK_V1" */ = {
			isa = XCConfigurationList;
			buildConfigurations = (
				F8E2EA9023DD82D60025DBF4 /* Debug */,
				F8E2EA9123DD82D60025DBF4 /* Release */,
			);
			defaultConfigurationIsVisible = 0;
			defaultConfigurationName = Release;
		};
		F8E2EA9223DD82D60025DBF4 /* Build configuration list for PBXNativeTarget "HAK_V1Tests" */ = {
			isa = XCConfigurationList;
			buildConfigurations = (
				F8E2EA9323DD82D60025DBF4 /* Debug */,
				F8E2EA9423DD82D60025DBF4 /* Release */,
			);
			defaultConfigurationIsVisible = 0;
			defaultConfigurationName = Release;
		};
		F8E2EA9523DD82D60025DBF4 /* Build configuration list for PBXNativeTarget "HAK_V1UITests" */ = {
			isa = XCConfigurationList;
			buildConfigurations = (
				F8E2EA9623DD82D60025DBF4 /* Debug */,
				F8E2EA9723DD82D60025DBF4 /* Release */,
			);
			defaultConfigurationIsVisible = 0;
			defaultConfigurationName = Release;
		};
/* End XCConfigurationList section */
	};
	rootObject = F8E2EA5D23DD82D50025DBF4 /* Project object */;
}
